
Microsoft Visual Studio Solution File, Format Version 12.00
# Visual Studio Version 17
VisualStudioVersion = 17.4.33110.190
MinimumVisualStudioVersion = 10.0.40219.1
Project("{FAE04EC0-301F-11D3-BF4B-00C04F79EFBC}") = "AutoClicker", "AutoClicker\AutoClicker.csproj", "{93436283-DB58-46A5-AC21-29415027F428}"
EndProject
Global
	GlobalSection(SolutionConfigurationPlatforms) = preSolution
		Debug|Any CPU = Debug|Any CPU
		Release|Any CPU = Release|Any CPU
	EndGlobalSection
	GlobalSection(ProjectConfigurationPlatforms) = postSolution
		{93436283-DB58-46A5-AC21-29415027F428}.Debug|Any CPU.ActiveCfg = Debug|Any CPU
		{93436283-DB58-46A5-AC21-29415027F428}.Debug|Any CPU.Build.0 = Debug|Any CPU
		{93436283-DB58-46A5-AC21-29415027F428}.Release|Any CPU.ActiveCfg = Release|Any CPU
		{93436283-DB58-46A5-AC21-29415027F428}.Release|Any CPU.Build.0 = Release|Any CPU
	EndGlobalSection
	GlobalSection(SolutionProperties) = preSolution
		HideSolutionNode = FALSE
	EndGlobalSection
	GlobalSection(ExtensibilityGlobals) = postSolution
		SolutionGuid = {AC362680-155C-41C8-90CA-10DE33099F47}
	EndGlobalSection
EndGlobal
